Microsoft Visual Studio Solution File, Format Version 12.00
# Visual Studio 15
VisualStudioVersion = 15.0.27004.2002
MinimumVisualStudioVersion = 15.0.26124.0
Project("{9A19103F-16F7-4668-BE54-9A1E7A4F7556}") = "ADConnect", "ADConnect\ADConnect.csproj", "{7C335CE8-CBAD-45A1-A214-F039F2C0BD85}"
EndProject
Project("{9A19103F-16F7-4668-BE54-9A1E7A4F7556}") = "Synchroniser", "Synchroniser\Synchroniser.csproj", "{81B6E3CB-8340-4789-A5C1-BA9653E49C4C}"
EndProject
Project("{9A19103F-16F7-4668-BE54-9A1E7A4F7556}") = "AzureTokenCache", "AzureTokenCache\AzureTokenCache.csproj", "{3C24D0B0-B352-4C14-BBE8-C0E274759E94}"
EndProject
Project("{9A19103F-16F7-4668-BE54-9A1E7A4F7556}") = "tests", "tests\tests.csproj", "{FDC78009-8095-4388-B0EF-EA77F726CC2F}"
EndProject
Global
	GlobalSection(SolutionConfigurationPlatforms) = preSolution
		Debug|Any CPU = Debug|Any CPU
		Debug|x64 = Debug|x64
		Debug|x86 = Debug|x86
		Release|Any CPU = Release|Any CPU
		Release|x64 = Release|x64
		Release|x86 = Release|x86
	EndGlobalSection
	GlobalSection(ProjectConfigurationPlatforms) = postSolution
		{7C335CE8-CBAD-45A1-A214-F039F2C0BD85}.Debug|Any CPU.ActiveCfg = Debug|Any CPU
		{7C335CE8-CBAD-45A1-A214-F039F2C0BD85}.Debug|Any CPU.Build.0 = Debug|Any CPU
		{7C335CE8-CBAD-45A1-A214-F039F2C0BD85}.Debug|x64.ActiveCfg = Debug|Any CPU
		{7C335CE8-CBAD-45A1-A214-F039F2C0BD85}.Debug|x64.Build.0 = Debug|Any CPU
		{7C335CE8-CBAD-45A1-A214-F039F2C0BD85}.Debug|x86.ActiveCfg = Debug|Any CPU
		{7C335CE8-CBAD-45A1-A214-F039F2C0BD85}.Debug|x86.Build.0 = Debug|Any CPU
		{7C335CE8-CBAD-45A1-A214-F039F2C0BD85}.Release|Any CPU.ActiveCfg = Release|Any CPU
		{7C335CE8-CBAD-45A1-A214-F039F2C0BD85}.Release|Any CPU.Build.0 = Release|Any CPU
		{7C335CE8-CBAD-45A1-A214-F039F2C0BD85}.Release|x64.ActiveCfg = Release|Any CPU
		{7C335CE8-CBAD-45A1-A214-F039F2C0BD85}.Release|x64.Build.0 = Release|Any CPU
		{7C335CE8-CBAD-45A1-A214-F039F2C0BD85}.Release|x86.ActiveCfg = Release|Any CPU
		{7C335CE8-CBAD-45A1-A214-F039F2C0BD85}.Release|x86.Build.0 = Release|Any CPU
		{81B6E3CB-8340-4789-A5C1-BA9653E49C4C}.Debug|Any CPU.ActiveCfg = Debug|Any CPU
		{81B6E3CB-8340-4789-A5C1-BA9653E49C4C}.Debug|Any CPU.Build.0 = Debug|Any CPU
		{81B6E3CB-8340-4789-A5C1-BA9653E49C4C}.Debug|x64.ActiveCfg = Debug|Any CPU
		{81B6E3CB-8340-4789-A5C1-BA9653E49C4C}.Debug|x64.Build.0 = Debug|Any CPU
		{81B6E3CB-8340-4789-A5C1-BA9653E49C4C}.Debug|x86.ActiveCfg = Debug|Any CPU
		{81B6E3CB-8340-4789-A5C1-BA9653E49C4C}.Debug|x86.Build.0 = Debug|Any CPU
		{81B6E3CB-8340-4789-A5C1-BA9653E49C4C}.Release|Any CPU.ActiveCfg = Release|Any CPU
		{81B6E3CB-8340-4789-A5C1-BA9653E49C4C}.Release|Any CPU.Build.0 = Release|Any CPU
		{81B6E3CB-8340-4789-A5C1-BA9653E49C4C}.Release|x64.ActiveCfg = Release|Any CPU
		{81B6E3CB-8340-4789-A5C1-BA9653E49C4C}.Release|x64.Build.0 = Release|Any CPU
		{81B6E3CB-8340-4789-A5C1-BA9653E49C4C}.Release|x86.ActiveCfg = Release|Any CPU
		{81B6E3CB-8340-4789-A5C1-BA9653E49C4C}.Release|x86.Build.0 = Release|Any CPU
		{3C24D0B0-B352-4C14-BBE8-C0E274759E94}.Debug|Any CPU.ActiveCfg = Debug|Any CPU
		{3C24D0B0-B352-4C14-BBE8-C0E274759E94}.Debug|Any CPU.Build.0 = Debug|Any CPU
		{3C24D0B0-B352-4C14-BBE8-C0E274759E94}.Debug|x64.ActiveCfg = Debug|Any CPU
		{3C24D0B0-B352-4C14-BBE8-C0E274759E94}.Debug|x64.Build.0 = Debug|Any CPU
		{3C24D0B0-B352-4C14-BBE8-C0E274759E94}.Debug|x86.ActiveCfg = Debug|Any CPU
		{3C24D0B0-B352-4C14-BBE8-C0E274759E94}.Debug|x86.Build.0 = Debug|Any CPU
		{3C24D0B0-B352-4C14-BBE8-C0E274759E94}.Release|Any CPU.ActiveCfg = Release|Any CPU
		{3C24D0B0-B352-4C14-BBE8-C0E274759E94}.Release|Any CPU.Build.0 = Release|Any CPU
		{3C24D0B0-B352-4C14-BBE8-C0E274759E94}.Release|x64.ActiveCfg = Release|Any CPU
		{3C24D0B0-B352-4C14-BBE8-C0E274759E94}.Release|x64.Build.0 = Release|Any CPU
		{3C24D0B0-B352-4C14-BBE8-C0E274759E94}.Release|x86.ActiveCfg = Release|Any CPU
		{3C24D0B0-B352-4C14-BBE8-C0E274759E94}.Release|x86.Build.0 = Release|Any CPU
		{FDC78009-8095-4388-B0EF-EA77F726CC2F}.Debug|Any CPU.ActiveCfg = Debug|Any CPU
		{FDC78009-8095-4388-B0EF-EA77F726CC2F}.Debug|Any CPU.Build.0 = Debug|Any CPU
		{FDC78009-8095-4388-B0EF-EA77F726CC2F}.Debug|x64.ActiveCfg = Debug|Any CPU
		{FDC78009-8095-4388-B0EF-EA77F726CC2F}.Debug|x64.Build.0 = Debug|Any CPU
		{FDC78009-8095-4388-B0EF-EA77F726CC2F}.Debug|x86.ActiveCfg = Debug|Any CPU
		{FDC78009-8095-4388-B0EF-EA77F726CC2F}.Debug|x86.Build.0 = Debug|Any CPU
		{FDC78009-8095-4388-B0EF-EA77F726CC2F}.Release|Any CPU.ActiveCfg = Release|Any CPU
		{FDC78009-8095-4388-B0EF-EA77F726CC2F}.Release|Any CPU.Build.0 = Release|Any CPU
		{FDC78009-8095-4388-B0EF-EA77F726CC2F}.Release|x64.ActiveCfg = Release|Any CPU
		{FDC78009-8095-4388-B0EF-EA77F726CC2F}.Release|x64.Build.0 = Release|Any CPU
		{FDC78009-8095-4388-B0EF-EA77F726CC2F}.Release|x86.ActiveCfg = Release|Any CPU
		{FDC78009-8095-4388-B0EF-EA77F726CC2F}.Release|x86.Build.0 = Release|Any CPU
	EndGlobalSection
	GlobalSection(SolutionProperties) = preSolution
		HideSolutionNode = FALSE
	EndGlobalSection
	GlobalSection(ExtensibilityGlobals) = postSolution
		SolutionGuid = {5006A840-4D3D-4D3F-BC8B-4C032607A258}
	EndGlobalSection
EndGlobal
